{
  "name": "data_structures_and_algorithms_using_javascript",
  "version": "1.0.0",
  "lockfileVersion": 2,
  "requires": true,
  "packages": {
    "": {
      "name": "data_structures_and_algorithms_using_javascript",
      "version": "1.0.0",
      "license": "ISC",
      "engines": {
        "node": ">=16"
      }
    }
  }
}
